
Microsoft Visual Studio Solution File, Format Version 12.00
# Visual Studio Version 17
VisualStudioVersion = 17.4.33103.184
MinimumVisualStudioVersion = 10.0.40219.1
Project("{FAE04EC0-301F-11D3-BF4B-00C04F79EFBC}") = "CustomerApi", "CustomerApi\CustomerApi.csproj", "{E7F43133-7FE2-4805-BC47-F32EFAD581E2}"
EndProject
Project("{FAE04EC0-301F-11D3-BF4B-00C04F79EFBC}") = "ProductApi", "ProductApi\ProductApi.csproj", "{A2C4D11D-1B7D-4596-B9B1-074F282610B5}"
EndProject
Project("{FAE04EC0-301F-11D3-BF4B-00C04F79EFBC}") = "ApiGateway", "ApiGateway\ApiGateway.csproj", "{FB68CAD4-EF9C-434A-A02F-1BDCD2DAEA2E}"
EndProject
Global
	GlobalSection(SolutionConfigurationPlatforms) = preSolution
		Debug|Any CPU = Debug|Any CPU
		Release|Any CPU = Release|Any CPU
	EndGlobalSection
	GlobalSection(ProjectConfigurationPlatforms) = postSolution
		{E7F43133-7FE2-4805-BC47-F32EFAD581E2}.Debug|Any CPU.ActiveCfg = Debug|Any CPU
		{E7F43133-7FE2-4805-BC47-F32EFAD581E2}.Debug|Any CPU.Build.0 = Debug|Any CPU
		{E7F43133-7FE2-4805-BC47-F32EFAD581E2}.Release|Any CPU.ActiveCfg = Release|Any CPU
		{E7F43133-7FE2-4805-BC47-F32EFAD581E2}.Release|Any CPU.Build.0 = Release|Any CPU
		{A2C4D11D-1B7D-4596-B9B1-074F282610B5}.Debug|Any CPU.ActiveCfg = Debug|Any CPU
		{A2C4D11D-1B7D-4596-B9B1-074F282610B5}.Debug|Any CPU.Build.0 = Debug|Any CPU
		{A2C4D11D-1B7D-4596-B9B1-074F282610B5}.Release|Any CPU.ActiveCfg = Release|Any CPU
		{A2C4D11D-1B7D-4596-B9B1-074F282610B5}.Release|Any CPU.Build.0 = Release|Any CPU
		{FB68CAD4-EF9C-434A-A02F-1BDCD2DAEA2E}.Debug|Any CPU.ActiveCfg = Debug|Any CPU
		{FB68CAD4-EF9C-434A-A02F-1BDCD2DAEA2E}.Debug|Any CPU.Build.0 = Debug|Any CPU
		{FB68CAD4-EF9C-434A-A02F-1BDCD2DAEA2E}.Release|Any CPU.ActiveCfg = Release|Any CPU
		{FB68CAD4-EF9C-434A-A02F-1BDCD2DAEA2E}.Release|Any CPU.Build.0 = Release|Any CPU
	EndGlobalSection
	GlobalSection(SolutionProperties) = preSolution
		HideSolutionNode = FALSE
	EndGlobalSection
	GlobalSection(ExtensibilityGlobals) = postSolution
		SolutionGuid = {1B710686-7A8B-4DCD-9A37-3D6373F5F706}
	EndGlobalSection
EndGlobal
